
Microsoft Visual Studio Solution File, Format Version 12.00
# Visual Studio Version 16
VisualStudioVersion = 16.0.30523.141
MinimumVisualStudioVersion = 10.0.40219.1
Project("{FAE04EC0-301F-11D3-BF4B-00C04F79EFBC}") = "Wallter", "Wallter\Wallter.csproj", "{875AECD8-3839-4A36-9B24-B5A1C4136801}"
EndProject
Global
	GlobalSection(SolutionConfigurationPlatforms) = preSolution
		Debug|Any CPU = Debug|Any CPU
		Release|Any CPU = Release|Any CPU
	EndGlobalSection
	GlobalSection(ProjectConfigurationPlatforms) = postSolution
		{875AECD8-3839-4A36-9B24-B5A1C4136801}.Debug|Any CPU.ActiveCfg = Debug|Any CPU
		{875AECD8-3839-4A36-9B24-B5A1C4136801}.Debug|Any CPU.Build.0 = Debug|Any CPU
		{875AECD8-3839-4A36-9B24-B5A1C4136801}.Release|Any CPU.ActiveCfg = Release|Any CPU
		{875AECD8-3839-4A36-9B24-B5A1C4136801}.Release|Any CPU.Build.0 = Release|Any CPU
	EndGlobalSection
	GlobalSection(SolutionProperties) = preSolution
		HideSolutionNode = FALSE
	EndGlobalSection
	GlobalSection(ExtensibilityGlobals) = postSolution
		SolutionGuid = {87172D7F-C1F6-460F-B2A6-31BF9DB8D3FF}
	EndGlobalSection
EndGlobal
